
Microsoft Visual Studio Solution File, Format Version 12.00
# Visual Studio Version 16
VisualStudioVersion = 16.0.29306.81
MinimumVisualStudioVersion = 10.0.40219.1
Project("{8BC9CEB8-8B4A-11D0-8D11-00A0C91BC942}") = "FunctionTabulation", "FunctionTabulation\FunctionTabulation.vcxproj", "{343A3360-BBC1-4AB4-9905-DEC002DC8066}"
EndProject
Global
	GlobalSection(SolutionConfigurationPlatforms) = preSolution
		Debug|x64 = Debug|x64
		Debug|x86 = Debug|x86
		Release|x64 = Release|x64
		Release|x86 = Release|x86
	EndGlobalSection
	GlobalSection(ProjectConfigurationPlatforms) = postSolution
		{343A3360-BBC1-4AB4-9905-DEC002DC8066}.Debug|x64.ActiveCfg = Debug|x64
		{343A3360-BBC1-4AB4-9905-DEC002DC8066}.Debug|x64.Build.0 = Debug|x64
		{343A3360-BBC1-4AB4-9905-DEC002DC8066}.Debug|x86.ActiveCfg = Debug|Win32
		{343A3360-BBC1-4AB4-9905-DEC002DC8066}.Debug|x86.Build.0 = Debug|Win32
		{343A3360-BBC1-4AB4-9905-DEC002DC8066}.Release|x64.ActiveCfg = Release|x64
		{343A3360-BBC1-4AB4-9905-DEC002DC8066}.Release|x64.Build.0 = Release|x64
		{343A3360-BBC1-4AB4-9905-DEC002DC8066}.Release|x86.ActiveCfg = Release|Win32
		{343A3360-BBC1-4AB4-9905-DEC002DC8066}.Release|x86.Build.0 = Release|Win32
	EndGlobalSection
	GlobalSection(SolutionProperties) = preSolution
		HideSolutionNode = FALSE
	EndGlobalSection
	GlobalSection(ExtensibilityGlobals) = postSolution
		SolutionGuid = {6896F953-7442-47B6-8407-30D137BAEA22}
	EndGlobalSection
EndGlobal
